// !$*UTF8*$!
{
	archiveVersion = 1;
	classes = {
	};
	objectVersion = 46;
	objects = {

/* Begin PBXBuildFile section */
		D8AAEE6F18F576BE0089B86B /* Cocoa.framework in Frameworks */ = {isa = PBXBuildFile; fileRef = D8AAEE6E18F576BE0089B86B /* Cocoa.framework */; };
		D8AAEE7118F576BE0089B86B /* ScreenSaver.framework in Frameworks */ = {isa = PBXBuildFile; fileRef = D8AAEE7018F576BE0089B86B /* ScreenSaver.framework */; };
		D8AAEE7B18F576BE0089B86B /* InfoPlist.strings in Resources */ = {isa = PBXBuildFile; fileRef = D8AAEE7918F576BE0089B86B /* InfoPlist.strings */; };
		D8AAEE7F18F576BE0089B86B /* Lion_Screen_SaverView.m in Sources */ = {isa = PBXBuildFile; fileRef = D8AAEE7E18F576BE0089B86B /* Lion_Screen_SaverView.m */; };
/* End PBXBuildFile section */

/* Begin PBXFileReference section */
		D8AAEE6B18F576BE0089B86B /* Lion Screen Saver.saver */ = {isa = PBXFileReference; explicitFileType = wrapper.cfbundle; includeInIndex = 0; path = "Lion Screen Saver.saver"; sourceTree = BUILT_PRODUCTS_DIR; };
		D8AAEE6E18F576BE0089B86B /* Cocoa.framework */ = {isa = PBXFileReference; lastKnownFileType = wrapper.framework; name = Cocoa.framework; path = System/Library/Frameworks/Cocoa.framework; sourceTree = SDKROOT; };
		D8AAEE7018F576BE0089B86B /* ScreenSaver.framework */ = {isa = PBXFileReference; lastKnownFileType = wrapper.framework; name = ScreenSaver.framework; path = System/Library/Frameworks/ScreenSaver.framework; sourceTree = SDKROOT; };
		D8AAEE7318F576BE0089B86B /* AppKit.framework */ = {isa = PBXFileReference; lastKnownFileType = wrapper.framework; name = AppKit.framework; path = System/Library/Frameworks/AppKit.framework; sourceTree = SDKROOT; };
		D8AAEE7418F576BE0089B86B /* CoreData.framework */ = {isa = PBXFileReference; lastKnownFileType = wrapper.framework; name = CoreData.framework; path = System/Library/Frameworks/CoreData.framework; sourceTree = SDKROOT; };
		D8AAEE7518F576BE0089B86B /* Foundation.framework */ = {isa = PBXFileReference; lastKnownFileType = wrapper.framework; name = Foundation.framework; path = System/Library/Frameworks/Foundation.framework; sourceTree = SDKROOT; };
		D8AAEE7818F576BE0089B86B /* Lion Screen Saver-Info.plist */ = {isa = PBXFileReference; lastKnownFileType = text.plist.xml; path = "Lion Screen Saver-Info.plist"; sourceTree = "<group>"; };
		D8AAEE7A18F576BE0089B86B /* en */ = {isa = PBXFileReference; lastKnownFileType = text.plist.strings; name = en; path = en.lproj/InfoPlist.strings; sourceTree = "<group>"; };
		D8AAEE7C18F576BE0089B86B /* Lion Screen Saver-Prefix.pch */ = {isa = PBXFileReference; lastKnownFileType = sourcecode.c.h; path = "Lion Screen Saver-Prefix.pch"; sourceTree = "<group>"; };
		D8AAEE7D18F576BE0089B86B /* Lion_Screen_SaverView.h */ = {isa = PBXFileReference; lastKnownFileType = sourcecode.c.h; path = Lion_Screen_SaverView.h; sourceTree = "<group>"; };
		D8AAEE7E18F576BE0089B86B /* Lion_Screen_SaverView.m */ = {isa = PBXFileReference; lastKnownFileType = sourcecode.c.objc; path = Lion_Screen_SaverView.m; sourceTree = "<group>"; };
/* End PBXFileReference section */

/* Begin PBXFrameworksBuildPhase section */
		D8AAEE6618F576BE0089B86B /* Frameworks */ = {
			isa = PBXFrameworksBuildPhase;
			buildActionMask = 2147483647;
			files = (
				D8AAEE7118F576BE0089B86B /* ScreenSaver.framework in Frameworks */,
				D8AAEE6F18F576BE0089B86B /* Cocoa.framework in Frameworks */,
			);
			runOnlyForDeploymentPostprocessing = 0;
		};
/* End PBXFrameworksBuildPhase section */

/* Begin PBXGroup section */
		D8AAEE6018F576BE0089B86B = {
			isa = PBXGroup;
			children = (
				D8AAEE7618F576BE0089B86B /* Lion Screen Saver */,
				D8AAEE6D18F576BE0089B86B /* Frameworks */,
				D8AAEE6C18F576BE0089B86B /* Products */,
			);
			sourceTree = "<group>";
		};
		D8AAEE6C18F576BE0089B86B /* Products */ = {
			isa = PBXGroup;
			children = (
				D8AAEE6B18F576BE0089B86B /* Lion Screen Saver.saver */,
			);
			name = Products;
			sourceTree = "<group>";
		};
		D8AAEE6D18F576BE0089B86B /* Frameworks */ = {
			isa = PBXGroup;
			children = (
				D8AAEE6E18F576BE0089B86B /* Cocoa.framework */,
				D8AAEE7018F576BE0089B86B /* ScreenSaver.framework */,
				D8AAEE7218F576BE0089B86B /* Other Frameworks */,
			);
			name = Frameworks;
			sourceTree = "<group>";
		};
		D8AAEE7218F576BE0089B86B /* Other Frameworks */ = {
			isa = PBXGroup;
			children = (
				D8AAEE7318F576BE0089B86B /* AppKit.framework */,
				D8AAEE7418F576BE0089B86B /* CoreData.framework */,
				D8AAEE7518F576BE0089B86B /* Foundation.framework */,
			);
			name = "Other Frameworks";
			sourceTree = "<group>";
		};
		D8AAEE7618F576BE0089B86B /* Lion Screen Saver */ = {
			isa = PBXGroup;
			children = (
				D8AAEE7D18F576BE0089B86B /* Lion_Screen_SaverView.h */,
				D8AAEE7E18F576BE0089B86B /* Lion_Screen_SaverView.m */,
				D8AAEE7718F576BE0089B86B /* Supporting Files */,
			);
			path = "Lion Screen Saver";
			sourceTree = "<group>";
		};
		D8AAEE7718F576BE0089B86B /* Supporting Files */ = {
			isa = PBXGroup;
			children = (
				D8AAEE7818F576BE0089B86B /* Lion Screen Saver-Info.plist */,
				D8AAEE7918F576BE0089B86B /* InfoPlist.strings */,
				D8AAEE7C18F576BE0089B86B /* Lion Screen Saver-Prefix.pch */,
			);
			name = "Supporting Files";
			sourceTree = "<group>";
		};
/* End PBXGroup section */

/* Begin PBXHeadersBuildPhase section */
		D8AAEE6718F576BE0089B86B /* Headers */ = {
			isa = PBXHeadersBuildPhase;
			buildActionMask = 2147483647;
			files = (
			);
			runOnlyForDeploymentPostprocessing = 0;
		};
/* End PBXHeadersBuildPhase section */

/* Begin PBXNativeTarget section */
		D8AAEE6A18F576BE0089B86B /* Lion Screen Saver */ = {
			isa = PBXNativeTarget;
			buildConfigurationList = D8AAEE8218F576BE0089B86B /* Build configuration list for PBXNativeTarget "Lion Screen Saver" */;
			buildPhases = (
				D8AAEE6518F576BE0089B86B /* Sources */,
				D8AAEE6618F576BE0089B86B /* Frameworks */,
				D8AAEE6718F576BE0089B86B /* Headers */,
				D8AAEE6818F576BE0089B86B /* Resources */,
				D8AAEE6918F576BE0089B86B /* Rez */,
			);
			buildRules = (
			);
			dependencies = (
			);
			name = "Lion Screen Saver";
			productName = "Lion Screen Saver";
			productReference = D8AAEE6B18F576BE0089B86B /* Lion Screen Saver.saver */;
			productType = "com.apple.product-type.bundle";
		};
/* End PBXNativeTarget section */

/* Begin PBXProject section */
		D8AAEE6118F576BE0089B86B /* Project object */ = {
			isa = PBXProject;
			attributes = {
				LastUpgradeCheck = 0510;
				ORGANIZATIONNAME = "Christopher Olin Davis";
			};
			buildConfigurationList = D8AAEE6418F576BE0089B86B /* Build configuration list for PBXProject "Lion Screen Saver" */;
			compatibilityVersion = "Xcode 3.2";
			developmentRegion = English;
			hasScannedForEncodings = 0;
			knownRegions = (
				en,
			);
			mainGroup = D8AAEE6018F576BE0089B86B;
			productRefGroup = D8AAEE6C18F576BE0089B86B /* Products */;
			projectDirPath = "";
			projectRoot = "";
			targets = (
				D8AAEE6A18F576BE0089B86B /* Lion Screen Saver */,
			);
		};
/* End PBXProject section */

/* Begin PBXResourcesBuildPhase section */
		D8AAEE6818F576BE0089B86B /* Resources */ = {
			isa = PBXResourcesBuildPhase;
			buildActionMask = 2147483647;
			files = (
				D8AAEE7B18F576BE0089B86B /* InfoPlist.strings in Resources */,
			);
			runOnlyForDeploymentPostprocessing = 0;
		};
/* End PBXResourcesBuildPhase section */

/* Begin PBXRezBuildPhase section */
		D8AAEE6918F576BE0089B86B /* Rez */ = {
			isa = PBXRezBuildPhase;
			buildActionMask = 2147483647;
			files = (
			);
			runOnlyForDeploymentPostprocessing = 0;
		};
/* End PBXRezBuildPhase section */

/* Begin PBXSourcesBuildPhase section */
		D8AAEE6518F576BE0089B86B /* Sources */ = {
			isa = PBXSourcesBuildPhase;
			buildActionMask = 2147483647;
			files = (
				D8AAEE7F18F576BE0089B86B /* Lion_Screen_SaverView.m in Sources */,
			);
			runOnlyForDeploymentPostprocessing = 0;
		};
/* End PBXSourcesBuildPhase section */

/* Begin PBXVariantGroup section */
		D8AAEE7918F576BE0089B86B /* InfoPlist.strings */ = {
			isa = PBXVariantGroup;
			children = (
				D8AAEE7A18F576BE0089B86B /* en */,
			);
			name = InfoPlist.strings;
			sourceTree = "<group>";
		};
/* End PBXVariantGroup section */

/* Begin XCBuildConfiguration section */
		D8AAEE8018F576BE0089B86B /* Debug */ = {
			isa = XCBuildConfiguration;
			buildSettings = {
				ALWAYS_SEARCH_USER_PATHS = NO;
				CLANG_CXX_LANGUAGE_STANDARD = "gnu++0x";
				CLANG_CXX_LIBRARY = "libc++";
				CLANG_ENABLE_MODULES = YES;
				CLANG_ENABLE_OBJC_ARC = YES;
				CLANG_WARN_BOOL_CONVERSION = YES;
				CLANG_WARN_CONSTANT_CONVERSION = YES;
				CLANG_WARN_DIRECT_OBJC_ISA_USAGE = YES_ERROR;
				CLANG_WARN_EMPTY_BODY = YES;
				CLANG_WARN_ENUM_CONVERSION = YES;
				CLANG_WARN_INT_CONVERSION = YES;
				CLANG_WARN_OBJC_ROOT_CLASS = YES_ERROR;
				CLANG_WARN__DUPLICATE_METHOD_MATCH = YES;
				COPY_PHASE_STRIP = NO;
				GCC_C_LANGUAGE_STANDARD = gnu99;
				GCC_DYNAMIC_NO_PIC = NO;
				GCC_ENABLE_OBJC_EXCEPTIONS = YES;
				GCC_OPTIMIZATION_LEVEL = 0;
				GCC_PREPROCESSOR_DEFINITIONS = (
					"DEBUG=1",
					"$(inherited)",
				);
				GCC_SYMBOLS_PRIVATE_EXTERN = NO;
				GCC_WARN_64_TO_32_BIT_CONVERSION = YES;
				GCC_WARN_ABOUT_RETURN_TYPE = YES_ERROR;
				GCC_WARN_UNDECLARED_SELECTOR = YES;
				GCC_WARN_UNINITIALIZED_AUTOS = YES_AGGRESSIVE;
				GCC_WARN_UNUSED_FUNCTION = YES;
				GCC_WARN_UNUSED_VARIABLE = YES;
				MACOSX_DEPLOYMENT_TARGET = 10.9;
				ONLY_ACTIVE_ARCH = YES;
				SDKROOT = macosx;
			};
			name = Debug;
		};
		D8AAEE8118F576BE0089B86B /* Release */ = {
			isa = XCBuildConfiguration;
			buildSettings = {
				ALWAYS_SEARCH_USER_PATHS = NO;
				CLANG_CXX_LANGUAGE_STANDARD = "gnu++0x";
				CLANG_CXX_LIBRARY = "libc++";
				CLANG_ENABLE_MODULES = YES;
				CLANG_ENABLE_OBJC_ARC = YES;
				CLANG_WARN_BOOL_CONVERSION = YES;
				CLANG_WARN_CONSTANT_CONVERSION = YES;
				CLANG_WARN_DIRECT_OBJC_ISA_USAGE = YES_ERROR;
				CLANG_WARN_EMPTY_BODY = YES;
				CLANG_WARN_ENUM_CONVERSION = YES;
				CLANG_WARN_INT_CONVERSION = YES;
				CLANG_WARN_OBJC_ROOT_CLASS = YES_ERROR;
				CLANG_WARN__DUPLICATE_METHOD_MATCH = YES;
				COPY_PHASE_STRIP = YES;
				DEBUG_INFORMATION_FORMAT = "dwarf-with-dsym";
				ENABLE_NS_ASSERTIONS = NO;
				GCC_C_LANGUAGE_STANDARD = gnu99;
				GCC_ENABLE_OBJC_EXCEPTIONS = YES;
				GCC_WARN_64_TO_32_BIT_CONVERSION = YES;
				GCC_WARN_ABOUT_RETURN_TYPE = YES_ERROR;
				GCC_WARN_UNDECLARED_SELECTOR = YES;
				GCC_WARN_UNINITIALIZED_AUTOS = YES_AGGRESSIVE;
				GCC_WARN_UNUSED_FUNCTION = YES;
				GCC_WARN_UNUSED_VARIABLE = YES;
				MACOSX_DEPLOYMENT_TARGET = 10.9;
				SDKROOT = macosx;
			};
			name = Release;
		};
		D8AAEE8318F576BE0089B86B /* Debug */ = {
			isa = XCBuildConfiguration;
			buildSettings = {
				COMBINE_HIDPI_IMAGES = YES;
				GCC_PRECOMPILE_PREFIX_HEADER = YES;
				GCC_PREFIX_HEADER = "Lion Screen Saver/Lion Screen Saver-Prefix.pch";
				INFOPLIST_FILE = "Lion Screen Saver/Lion Screen Saver-Info.plist";
				INSTALL_PATH = "$(HOME)/Library/Screen Savers";
				PRODUCT_NAME = "$(TARGET_NAME)";
				WRAPPER_EXTENSION = saver;
			};
			name = Debug;
		};
		D8AAEE8418F576BE0089B86B /* Release */ = {
			isa = XCBuildConfiguration;
			buildSettings = {
				COMBINE_HIDPI_IMAGES = YES;
				GCC_PRECOMPILE_PREFIX_HEADER = YES;
				GCC_PREFIX_HEADER = "Lion Screen Saver/Lion Screen Saver-Prefix.pch";
				INFOPLIST_FILE = "Lion Screen Saver/Lion Screen Saver-Info.plist";
				INSTALL_PATH = "$(HOME)/Library/Screen Savers";
				PRODUCT_NAME = "$(TARGET_NAME)";
				WRAPPER_EXTENSION = saver;
			};
			name = Release;
		};
/* End XCBuildConfiguration section */

/* Begin XCConfigurationList section */
		D8AAEE6418F576BE0089B86B /* Build configuration list for PBXProject "Lion Screen Saver" */ = {
			isa = XCConfigurationList;
			buildConfigurations = (
				D8AAEE8018F576BE0089B86B /* Debug */,
				D8AAEE8118F576BE0089B86B /* Release */,
			);
			defaultConfigurationIsVisible = 0;
			defaultConfigurationName = Release;
		};
		D8AAEE8218F576BE0089B86B /* Build configuration list for PBXNativeTarget "Lion Screen Saver" */ = {
			isa = XCConfigurationList;
			buildConfigurations = (
				D8AAEE8318F576BE0089B86B /* Debug */,
				D8AAEE8418F576BE0089B86B /* Release */,
			);
			defaultConfigurationIsVisible = 0;
		};
/* End XCConfigurationList section */
	};
	rootObject = D8AAEE6118F576BE0089B86B /* Project object */;
}
